
Microsoft Visual Studio Solution File, Format Version 12.00
# Visual Studio Version 17
VisualStudioVersion = 17.10.34928.147
MinimumVisualStudioVersion = 10.0.40219.1
Project("{9A19103F-16F7-4668-BE54-9A1E7A4F7556}") = "ProjectManagementSystem.BL", "ProjectManagementSystem.BL\ProjectManagementSystem.BL.csproj", "{E98385E0-3D99-4D5D-950A-740E8A6924C4}"
EndProject
Project("{9A19103F-16F7-4668-BE54-9A1E7A4F7556}") = "ProjectManagementSystem.Web", "ProjectManagementSystem.Web\ProjectManagementSystem.Web.csproj", "{C649F997-9741-4BCE-BDD0-F96CA97160D5}"
EndProject
Project("{FAE04EC0-301F-11D3-BF4B-00C04F79EFBC}") = "ProjectManagementSystem.Tests", "ProjectManagementSystem.Tests\ProjectManagementSystem.Tests.csproj", "{A27E8DE6-E630-4C8D-A310-57ED366417B0}"
EndProject
Global
	GlobalSection(SolutionConfigurationPlatforms) = preSolution
		Debug|Any CPU = Debug|Any CPU
		Release|Any CPU = Release|Any CPU
	EndGlobalSection
	GlobalSection(ProjectConfigurationPlatforms) = postSolution
		{E98385E0-3D99-4D5D-950A-740E8A6924C4}.Debug|Any CPU.ActiveCfg = Debug|Any CPU
		{E98385E0-3D99-4D5D-950A-740E8A6924C4}.Debug|Any CPU.Build.0 = Debug|Any CPU
		{E98385E0-3D99-4D5D-950A-740E8A6924C4}.Release|Any CPU.ActiveCfg = Release|Any CPU
		{E98385E0-3D99-4D5D-950A-740E8A6924C4}.Release|Any CPU.Build.0 = Release|Any CPU
		{C649F997-9741-4BCE-BDD0-F96CA97160D5}.Debug|Any CPU.ActiveCfg = Debug|Any CPU
		{C649F997-9741-4BCE-BDD0-F96CA97160D5}.Debug|Any CPU.Build.0 = Debug|Any CPU
		{C649F997-9741-4BCE-BDD0-F96CA97160D5}.Release|Any CPU.ActiveCfg = Release|Any CPU
		{C649F997-9741-4BCE-BDD0-F96CA97160D5}.Release|Any CPU.Build.0 = Release|Any CPU
		{A27E8DE6-E630-4C8D-A310-57ED366417B0}.Debug|Any CPU.ActiveCfg = Debug|Any CPU
		{A27E8DE6-E630-4C8D-A310-57ED366417B0}.Debug|Any CPU.Build.0 = Debug|Any CPU
		{A27E8DE6-E630-4C8D-A310-57ED366417B0}.Release|Any CPU.ActiveCfg = Release|Any CPU
		{A27E8DE6-E630-4C8D-A310-57ED366417B0}.Release|Any CPU.Build.0 = Release|Any CPU
	EndGlobalSection
	GlobalSection(SolutionProperties) = preSolution
		HideSolutionNode = FALSE
	EndGlobalSection
	GlobalSection(ExtensibilityGlobals) = postSolution
		SolutionGuid = {C47030C7-CEA7-4237-9ECF-3C32321D6350}
	EndGlobalSection
EndGlobal
